
Microsoft Visual Studio Solution File, Format Version 12.00
# Visual Studio 2015
Project("{FAE04EC0-301F-11D3-BF4B-00C04F79EFBC}") = "hackathon1.CSharp.Plugins", "hackathon1.CSharp.Plugins.csproj", "{53A5B0E0-C4AB-C7EE-50BC-EE1C364095C9}"
EndProject
Project("{FAE04EC0-301F-11D3-BF4B-00C04F79EFBC}") = "hackathon1.CSharp", "hackathon1.CSharp.csproj", "{22A18F9E-F2CF-D7E9-8499-8FC16AB76F32}"
EndProject
Project("{FAE04EC0-301F-11D3-BF4B-00C04F79EFBC}") = "hackathon1.CSharp.Editor", "hackathon1.CSharp.Editor.csproj", "{0C86F38D-DB05-6878-C97C-769054E4EE95}"
EndProject
Global
	GlobalSection(SolutionConfigurationPlatforms) = preSolution
		Debug|Any CPU = Debug|Any CPU
		Release|Any CPU = Release|Any CPU
	EndGlobalSection
	GlobalSection(ProjectConfigurationPlatforms) = postSolution
		{53A5B0E0-C4AB-C7EE-50BC-EE1C364095C9}.Debug|Any CPU.ActiveCfg = Debug|Any CPU
		{53A5B0E0-C4AB-C7EE-50BC-EE1C364095C9}.Debug|Any CPU.Build.0 = Debug|Any CPU
		{53A5B0E0-C4AB-C7EE-50BC-EE1C364095C9}.Release|Any CPU.ActiveCfg = Release|Any CPU
		{53A5B0E0-C4AB-C7EE-50BC-EE1C364095C9}.Release|Any CPU.Build.0 = Release|Any CPU
		{22A18F9E-F2CF-D7E9-8499-8FC16AB76F32}.Debug|Any CPU.ActiveCfg = Debug|Any CPU
		{22A18F9E-F2CF-D7E9-8499-8FC16AB76F32}.Debug|Any CPU.Build.0 = Debug|Any CPU
		{22A18F9E-F2CF-D7E9-8499-8FC16AB76F32}.Release|Any CPU.ActiveCfg = Release|Any CPU
		{22A18F9E-F2CF-D7E9-8499-8FC16AB76F32}.Release|Any CPU.Build.0 = Release|Any CPU
		{0C86F38D-DB05-6878-C97C-769054E4EE95}.Debug|Any CPU.ActiveCfg = Debug|Any CPU
		{0C86F38D-DB05-6878-C97C-769054E4EE95}.Debug|Any CPU.Build.0 = Debug|Any CPU
		{0C86F38D-DB05-6878-C97C-769054E4EE95}.Release|Any CPU.ActiveCfg = Release|Any CPU
		{0C86F38D-DB05-6878-C97C-769054E4EE95}.Release|Any CPU.Build.0 = Release|Any CPU
	EndGlobalSection
	GlobalSection(SolutionProperties) = preSolution
		HideSolutionNode = FALSE
	EndGlobalSection
EndGlobal
